
Microsoft Visual Studio Solution File, Format Version 12.00
# Visual Studio Version 16
VisualStudioVersion = 16.0.30523.141
MinimumVisualStudioVersion = 10.0.40219.1
Project("{FAE04EC0-301F-11D3-BF4B-00C04F79EFBC}") = "OutLineApp01", "OutLineApp01\OutLineApp01.csproj", "{75B932D1-79D3-4788-9B8B-F71513D538CD}"
EndProject
Global
	GlobalSection(SolutionConfigurationPlatforms) = preSolution
		Debug|Any CPU = Debug|Any CPU
		Release|Any CPU = Release|Any CPU
	EndGlobalSection
	GlobalSection(ProjectConfigurationPlatforms) = postSolution
		{75B932D1-79D3-4788-9B8B-F71513D538CD}.Debug|Any CPU.ActiveCfg = Debug|Any CPU
		{75B932D1-79D3-4788-9B8B-F71513D538CD}.Debug|Any CPU.Build.0 = Debug|Any CPU
		{75B932D1-79D3-4788-9B8B-F71513D538CD}.Release|Any CPU.ActiveCfg = Release|Any CPU
		{75B932D1-79D3-4788-9B8B-F71513D538CD}.Release|Any CPU.Build.0 = Release|Any CPU
	EndGlobalSection
	GlobalSection(SolutionProperties) = preSolution
		HideSolutionNode = FALSE
	EndGlobalSection
	GlobalSection(ExtensibilityGlobals) = postSolution
		SolutionGuid = {8B11C350-101E-4C52-8784-2C03C7457223}
	EndGlobalSection
EndGlobal
