
Microsoft Visual Studio Solution File, Format Version 12.00
# Visual Studio Version 16
VisualStudioVersion = 16.0.30413.136
MinimumVisualStudioVersion = 10.0.40219.1
Project("{FAE04EC0-301F-11D3-BF4B-00C04F79EFBC}") = "MyApp02", "MyApp02\MyApp02.csproj", "{265051BD-8AEF-48DF-A29B-D8F819D5B62C}"
EndProject
Global
	GlobalSection(SolutionConfigurationPlatforms) = preSolution
		Debug|Any CPU = Debug|Any CPU
		Release|Any CPU = Release|Any CPU
	EndGlobalSection
	GlobalSection(ProjectConfigurationPlatforms) = postSolution
		{265051BD-8AEF-48DF-A29B-D8F819D5B62C}.Debug|Any CPU.ActiveCfg = Debug|Any CPU
		{265051BD-8AEF-48DF-A29B-D8F819D5B62C}.Debug|Any CPU.Build.0 = Debug|Any CPU
		{265051BD-8AEF-48DF-A29B-D8F819D5B62C}.Debug|Any CPU.Deploy.0 = Debug|Any CPU
		{265051BD-8AEF-48DF-A29B-D8F819D5B62C}.Release|Any CPU.ActiveCfg = Release|Any CPU
		{265051BD-8AEF-48DF-A29B-D8F819D5B62C}.Release|Any CPU.Build.0 = Release|Any CPU
		{265051BD-8AEF-48DF-A29B-D8F819D5B62C}.Release|Any CPU.Deploy.0 = Release|Any CPU
	EndGlobalSection
	GlobalSection(SolutionProperties) = preSolution
		HideSolutionNode = FALSE
	EndGlobalSection
	GlobalSection(ExtensibilityGlobals) = postSolution
		SolutionGuid = {20206D23-92AF-470F-850E-1AA1F0AE55C8}
	EndGlobalSection
EndGlobal
