
Microsoft Visual Studio Solution File, Format Version 12.00
# Visual Studio Version 16
VisualStudioVersion = 16.0.30611.23
MinimumVisualStudioVersion = 10.0.40219.1
Project("{FAE04EC0-301F-11D3-BF4B-00C04F79EFBC}") = "WebRequestGetCNFv2", "WebRequestGetCNFv2\WebRequestGetCNFv2.csproj", "{71624787-28CC-429C-969B-C84C76B22280}"
EndProject
Global
	GlobalSection(SolutionConfigurationPlatforms) = preSolution
		Debug|Any CPU = Debug|Any CPU
		Release|Any CPU = Release|Any CPU
	EndGlobalSection
	GlobalSection(ProjectConfigurationPlatforms) = postSolution
		{71624787-28CC-429C-969B-C84C76B22280}.Debug|Any CPU.ActiveCfg = Debug|Any CPU
		{71624787-28CC-429C-969B-C84C76B22280}.Debug|Any CPU.Build.0 = Debug|Any CPU
		{71624787-28CC-429C-969B-C84C76B22280}.Release|Any CPU.ActiveCfg = Release|Any CPU
		{71624787-28CC-429C-969B-C84C76B22280}.Release|Any CPU.Build.0 = Release|Any CPU
	EndGlobalSection
	GlobalSection(SolutionProperties) = preSolution
		HideSolutionNode = FALSE
	EndGlobalSection
	GlobalSection(ExtensibilityGlobals) = postSolution
		SolutionGuid = {3DC14F46-F80D-4F9D-960C-5DD637957067}
	EndGlobalSection
EndGlobal
