
Microsoft Visual Studio Solution File, Format Version 12.00
# Visual Studio Version 16
VisualStudioVersion = 16.0.30413.136
MinimumVisualStudioVersion = 10.0.40219.1
Project("{FAE04EC0-301F-11D3-BF4B-00C04F79EFBC}") = "HelloWorldForm", "HelloWorldForm\HelloWorldForm.csproj", "{B288DBAA-C610-4112-A23A-E888FA31C9B6}"
EndProject
Global
	GlobalSection(SolutionConfigurationPlatforms) = preSolution
		Debug|Any CPU = Debug|Any CPU
		Release|Any CPU = Release|Any CPU
	EndGlobalSection
	GlobalSection(ProjectConfigurationPlatforms) = postSolution
		{B288DBAA-C610-4112-A23A-E888FA31C9B6}.Debug|Any CPU.ActiveCfg = Debug|Any CPU
		{B288DBAA-C610-4112-A23A-E888FA31C9B6}.Debug|Any CPU.Build.0 = Debug|Any CPU
		{B288DBAA-C610-4112-A23A-E888FA31C9B6}.Release|Any CPU.ActiveCfg = Release|Any CPU
		{B288DBAA-C610-4112-A23A-E888FA31C9B6}.Release|Any CPU.Build.0 = Release|Any CPU
	EndGlobalSection
	GlobalSection(SolutionProperties) = preSolution
		HideSolutionNode = FALSE
	EndGlobalSection
	GlobalSection(ExtensibilityGlobals) = postSolution
		SolutionGuid = {3CCEDA86-A830-4595-AB99-25E7371D5A80}
	EndGlobalSection
EndGlobal
