
Microsoft Visual Studio Solution File, Format Version 12.00
# Visual Studio Version 16
VisualStudioVersion = 16.0.30517.126
MinimumVisualStudioVersion = 10.0.40219.1
Project("{FAE04EC0-301F-11D3-BF4B-00C04F79EFBC}") = "MyServerT1WFNF", "MyServerT1WFNF\MyServerT1WFNF.csproj", "{94533ADC-806B-4754-9CCA-1A66AE49CD36}"
EndProject
Global
	GlobalSection(SolutionConfigurationPlatforms) = preSolution
		Debug|Any CPU = Debug|Any CPU
		Release|Any CPU = Release|Any CPU
	EndGlobalSection
	GlobalSection(ProjectConfigurationPlatforms) = postSolution
		{94533ADC-806B-4754-9CCA-1A66AE49CD36}.Debug|Any CPU.ActiveCfg = Debug|Any CPU
		{94533ADC-806B-4754-9CCA-1A66AE49CD36}.Debug|Any CPU.Build.0 = Debug|Any CPU
		{94533ADC-806B-4754-9CCA-1A66AE49CD36}.Release|Any CPU.ActiveCfg = Release|Any CPU
		{94533ADC-806B-4754-9CCA-1A66AE49CD36}.Release|Any CPU.Build.0 = Release|Any CPU
	EndGlobalSection
	GlobalSection(SolutionProperties) = preSolution
		HideSolutionNode = FALSE
	EndGlobalSection
	GlobalSection(ExtensibilityGlobals) = postSolution
		SolutionGuid = {315BF993-58CD-4F31-A8A0-EC91B6DC96C4}
	EndGlobalSection
EndGlobal
