
Microsoft Visual Studio Solution File, Format Version 12.00
# Visual Studio Version 16
VisualStudioVersion = 16.0.30611.23
MinimumVisualStudioVersion = 10.0.40219.1
Project("{FAE04EC0-301F-11D3-BF4B-00C04F79EFBC}") = "WebRequestGetCNF", "WebRequestGetCNF\WebRequestGetCNF.csproj", "{F53FC294-22DC-4E86-B3DC-9867DE9E5FFF}"
EndProject
Global
	GlobalSection(SolutionConfigurationPlatforms) = preSolution
		Debug|Any CPU = Debug|Any CPU
		Release|Any CPU = Release|Any CPU
	EndGlobalSection
	GlobalSection(ProjectConfigurationPlatforms) = postSolution
		{F53FC294-22DC-4E86-B3DC-9867DE9E5FFF}.Debug|Any CPU.ActiveCfg = Debug|Any CPU
		{F53FC294-22DC-4E86-B3DC-9867DE9E5FFF}.Debug|Any CPU.Build.0 = Debug|Any CPU
		{F53FC294-22DC-4E86-B3DC-9867DE9E5FFF}.Release|Any CPU.ActiveCfg = Release|Any CPU
		{F53FC294-22DC-4E86-B3DC-9867DE9E5FFF}.Release|Any CPU.Build.0 = Release|Any CPU
	EndGlobalSection
	GlobalSection(SolutionProperties) = preSolution
		HideSolutionNode = FALSE
	EndGlobalSection
	GlobalSection(ExtensibilityGlobals) = postSolution
		SolutionGuid = {5BABBA1A-85AA-4B63-868D-505618CCFA51}
	EndGlobalSection
EndGlobal
